
Microsoft Visual Studio Solution File, Format Version 12.00
# Visual Studio Version 17
VisualStudioVersion = 17.8.34511.84
MinimumVisualStudioVersion = 10.0.40219.1
Project("{9A19103F-16F7-4668-BE54-9A1E7A4F7556}") = "HouseRentingSystem.Web", "HouseRentingSystem.Web\HouseRentingSystem.Web.csproj", "{C1CA8A8C-B349-4D35-B37E-B4E95FB2E676}"
EndProject
Project("{9A19103F-16F7-4668-BE54-9A1E7A4F7556}") = "HouseRentingSystem.Common", "HouseRentingSystem.Common\HouseRentingSystem.Common.csproj", "{0E1CAC40-DD09-42E6-8D2B-D69F63BDC553}"
EndProject
Project("{2150E333-8FDC-42A3-9474-1A3956D46DE8}") = "Web", "Web", "{0F1611BE-F51B-44EE-9BD5-4DB44506ABDD}"
EndProject
Project("{2150E333-8FDC-42A3-9474-1A3956D46DE8}") = "Data", "Data", "{0A1973CB-05F7-42A5-B767-296D46C766FB}"
EndProject
Project("{9A19103F-16F7-4668-BE54-9A1E7A4F7556}") = "HouseRentingSystem.Data", "HouseRentingSystem.Data\HouseRentingSystem.Data.csproj", "{44B38BAE-0EA3-497E-9B66-C9D672758D3F}"
EndProject
Project("{9A19103F-16F7-4668-BE54-9A1E7A4F7556}") = "HouseRentingSystem.Data.Models", "HouseRentingSystem.Data.Models\HouseRentingSystem.Data.Models.csproj", "{D140EFB0-120C-4C92-BB93-F890E25BBE61}"
EndProject
Project("{9A19103F-16F7-4668-BE54-9A1E7A4F7556}") = "HouseRentingSystem.Web.ViewModels", "HouseRentingSystem.Web.ViewModels\HouseRentingSystem.Web.ViewModels.csproj", "{B6022447-CD0A-4EA9-88A5-ABA79667BBE0}"
EndProject
Project("{2150E333-8FDC-42A3-9474-1A3956D46DE8}") = "Services", "Services", "{19FF350D-13A0-4517-B0EE-E8DD2DADC828}"
EndProject
Project("{9A19103F-16F7-4668-BE54-9A1E7A4F7556}") = "HouseRentingSystem.Services", "HouseRentingSystem.Services\HouseRentingSystem.Services.csproj", "{1FD2AB55-D258-43DF-A19A-0F69046BB83F}"
EndProject
Project("{9A19103F-16F7-4668-BE54-9A1E7A4F7556}") = "HouseRentingSystem.Web.Infrastructure", "HouseRentingSystem.Web.Infrastructure\HouseRentingSystem.Web.Infrastructure.csproj", "{A278EF2B-46D7-4221-AEF5-676D1DA84DEC}"
EndProject
Project("{9A19103F-16F7-4668-BE54-9A1E7A4F7556}") = "HouseRentingSystem.WebAPI", "HouseRentingSystem.WebAPI\HouseRentingSystem.WebAPI.csproj", "{DFF6C55F-F44D-4E67-89B7-AEADFCFD874F}"
EndProject
Project("{9A19103F-16F7-4668-BE54-9A1E7A4F7556}") = "HouseRentingSystem.Services.Mapping", "HouseRentingSystem.Services.Mapping\HouseRentingSystem.Services.Mapping.csproj", "{D9A53A1D-8D92-4CEE-8AD6-EB38881D415D}"
EndProject
Project("{2150E333-8FDC-42A3-9474-1A3956D46DE8}") = "Solution Items", "Solution Items", "{699B8FEE-DF5F-4045-BAB9-5C04A7B39293}"
	ProjectSection(SolutionItems) = preProject
		.editorconfig = .editorconfig
	EndProjectSection
EndProject
Project("{2150E333-8FDC-42A3-9474-1A3956D46DE8}") = "Tests", "Tests", "{BE405776-775C-40E6-94FB-806B60427F9A}"
EndProject
Project("{FAE04EC0-301F-11D3-BF4B-00C04F79EFBC}") = "HouseRentingSystem.Services.Tests", "HouseRentingSystem.Services.Tests\HouseRentingSystem.Services.Tests.csproj", "{45A1F6CE-FDD5-472D-A136-AA0C681D2D9D}"
EndProject
Global
	GlobalSection(SolutionConfigurationPlatforms) = preSolution
		Debug|Any CPU = Debug|Any CPU
		Release|Any CPU = Release|Any CPU
	EndGlobalSection
	GlobalSection(ProjectConfigurationPlatforms) = postSolution
		{C1CA8A8C-B349-4D35-B37E-B4E95FB2E676}.Debug|Any CPU.ActiveCfg = Debug|Any CPU
		{C1CA8A8C-B349-4D35-B37E-B4E95FB2E676}.Debug|Any CPU.Build.0 = Debug|Any CPU
		{C1CA8A8C-B349-4D35-B37E-B4E95FB2E676}.Release|Any CPU.ActiveCfg = Release|Any CPU
		{C1CA8A8C-B349-4D35-B37E-B4E95FB2E676}.Release|Any CPU.Build.0 = Release|Any CPU
		{0E1CAC40-DD09-42E6-8D2B-D69F63BDC553}.Debug|Any CPU.ActiveCfg = Debug|Any CPU
		{0E1CAC40-DD09-42E6-8D2B-D69F63BDC553}.Debug|Any CPU.Build.0 = Debug|Any CPU
		{0E1CAC40-DD09-42E6-8D2B-D69F63BDC553}.Release|Any CPU.ActiveCfg = Release|Any CPU
		{0E1CAC40-DD09-42E6-8D2B-D69F63BDC553}.Release|Any CPU.Build.0 = Release|Any CPU
		{44B38BAE-0EA3-497E-9B66-C9D672758D3F}.Debug|Any CPU.ActiveCfg = Debug|Any CPU
		{44B38BAE-0EA3-497E-9B66-C9D672758D3F}.Debug|Any CPU.Build.0 = Debug|Any CPU
		{44B38BAE-0EA3-497E-9B66-C9D672758D3F}.Release|Any CPU.ActiveCfg = Release|Any CPU
		{44B38BAE-0EA3-497E-9B66-C9D672758D3F}.Release|Any CPU.Build.0 = Release|Any CPU
		{D140EFB0-120C-4C92-BB93-F890E25BBE61}.Debug|Any CPU.ActiveCfg = Debug|Any CPU
		{D140EFB0-120C-4C92-BB93-F890E25BBE61}.Debug|Any CPU.Build.0 = Debug|Any CPU
		{D140EFB0-120C-4C92-BB93-F890E25BBE61}.Release|Any CPU.ActiveCfg = Release|Any CPU
		{D140EFB0-120C-4C92-BB93-F890E25BBE61}.Release|Any CPU.Build.0 = Release|Any CPU
		{B6022447-CD0A-4EA9-88A5-ABA79667BBE0}.Debug|Any CPU.ActiveCfg = Debug|Any CPU
		{B6022447-CD0A-4EA9-88A5-ABA79667BBE0}.Debug|Any CPU.Build.0 = Debug|Any CPU
		{B6022447-CD0A-4EA9-88A5-ABA79667BBE0}.Release|Any CPU.ActiveCfg = Release|Any CPU
		{B6022447-CD0A-4EA9-88A5-ABA79667BBE0}.Release|Any CPU.Build.0 = Release|Any CPU
		{1FD2AB55-D258-43DF-A19A-0F69046BB83F}.Debug|Any CPU.ActiveCfg = Debug|Any CPU
		{1FD2AB55-D258-43DF-A19A-0F69046BB83F}.Debug|Any CPU.Build.0 = Debug|Any CPU
		{1FD2AB55-D258-43DF-A19A-0F69046BB83F}.Release|Any CPU.ActiveCfg = Release|Any CPU
		{1FD2AB55-D258-43DF-A19A-0F69046BB83F}.Release|Any CPU.Build.0 = Release|Any CPU
		{A278EF2B-46D7-4221-AEF5-676D1DA84DEC}.Debug|Any CPU.ActiveCfg = Debug|Any CPU
		{A278EF2B-46D7-4221-AEF5-676D1DA84DEC}.Debug|Any CPU.Build.0 = Debug|Any CPU
		{A278EF2B-46D7-4221-AEF5-676D1DA84DEC}.Release|Any CPU.ActiveCfg = Release|Any CPU
		{A278EF2B-46D7-4221-AEF5-676D1DA84DEC}.Release|Any CPU.Build.0 = Release|Any CPU
		{DFF6C55F-F44D-4E67-89B7-AEADFCFD874F}.Debug|Any CPU.ActiveCfg = Debug|Any CPU
		{DFF6C55F-F44D-4E67-89B7-AEADFCFD874F}.Debug|Any CPU.Build.0 = Debug|Any CPU
		{DFF6C55F-F44D-4E67-89B7-AEADFCFD874F}.Release|Any CPU.ActiveCfg = Release|Any CPU
		{DFF6C55F-F44D-4E67-89B7-AEADFCFD874F}.Release|Any CPU.Build.0 = Release|Any CPU
		{D9A53A1D-8D92-4CEE-8AD6-EB38881D415D}.Debug|Any CPU.ActiveCfg = Debug|Any CPU
		{D9A53A1D-8D92-4CEE-8AD6-EB38881D415D}.Debug|Any CPU.Build.0 = Debug|Any CPU
		{D9A53A1D-8D92-4CEE-8AD6-EB38881D415D}.Release|Any CPU.ActiveCfg = Release|Any CPU
		{D9A53A1D-8D92-4CEE-8AD6-EB38881D415D}.Release|Any CPU.Build.0 = Release|Any CPU
		{45A1F6CE-FDD5-472D-A136-AA0C681D2D9D}.Debug|Any CPU.ActiveCfg = Debug|Any CPU
		{45A1F6CE-FDD5-472D-A136-AA0C681D2D9D}.Debug|Any CPU.Build.0 = Debug|Any CPU
		{45A1F6CE-FDD5-472D-A136-AA0C681D2D9D}.Release|Any CPU.ActiveCfg = Release|Any CPU
		{45A1F6CE-FDD5-472D-A136-AA0C681D2D9D}.Release|Any CPU.Build.0 = Release|Any CPU
	EndGlobalSection
	GlobalSection(SolutionProperties) = preSolution
		HideSolutionNode = FALSE
	EndGlobalSection
	GlobalSection(NestedProjects) = preSolution
		{C1CA8A8C-B349-4D35-B37E-B4E95FB2E676} = {0F1611BE-F51B-44EE-9BD5-4DB44506ABDD}
		{44B38BAE-0EA3-497E-9B66-C9D672758D3F} = {0A1973CB-05F7-42A5-B767-296D46C766FB}
		{D140EFB0-120C-4C92-BB93-F890E25BBE61} = {0A1973CB-05F7-42A5-B767-296D46C766FB}
		{B6022447-CD0A-4EA9-88A5-ABA79667BBE0} = {0F1611BE-F51B-44EE-9BD5-4DB44506ABDD}
		{1FD2AB55-D258-43DF-A19A-0F69046BB83F} = {19FF350D-13A0-4517-B0EE-E8DD2DADC828}
		{A278EF2B-46D7-4221-AEF5-676D1DA84DEC} = {0F1611BE-F51B-44EE-9BD5-4DB44506ABDD}
		{DFF6C55F-F44D-4E67-89B7-AEADFCFD874F} = {0F1611BE-F51B-44EE-9BD5-4DB44506ABDD}
		{D9A53A1D-8D92-4CEE-8AD6-EB38881D415D} = {19FF350D-13A0-4517-B0EE-E8DD2DADC828}
		{45A1F6CE-FDD5-472D-A136-AA0C681D2D9D} = {BE405776-775C-40E6-94FB-806B60427F9A}
	EndGlobalSection
	GlobalSection(ExtensibilityGlobals) = postSolution
		SolutionGuid = {0269150B-33B3-4148-95F6-B76B2FA20805}
	EndGlobalSection
EndGlobal
